
Microsoft Visual Studio Solution File, Format Version 12.00
# Visual Studio Version 17
VisualStudioVersion = 17.2.32602.215
MinimumVisualStudioVersion = 10.0.40219.1
Project("{9A19103F-16F7-4668-BE54-9A1E7A4F7556}") = "AD.FsCheck.MSTest", "AD.FsCheck.MSTest\AD.FsCheck.MSTest.csproj", "{DF06D93E-069E-48CD-9EA4-C36501159AD2}"
EndProject
Project("{FAE04EC0-301F-11D3-BF4B-00C04F79EFBC}") = "AD.FsCheck.MSTest.Tests", "AD.FsCheck.MSTest.Tests\AD.FsCheck.MSTest.Tests.csproj", "{464EAEA4-F8A9-4324-B901-DF340CFBF2E5}"
EndProject
Global
	GlobalSection(SolutionConfigurationPlatforms) = preSolution
		Debug|Any CPU = Debug|Any CPU
		Release|Any CPU = Release|Any CPU
	EndGlobalSection
	GlobalSection(ProjectConfigurationPlatforms) = postSolution
		{DF06D93E-069E-48CD-9EA4-C36501159AD2}.Debug|Any CPU.ActiveCfg = Debug|Any CPU
		{DF06D93E-069E-48CD-9EA4-C36501159AD2}.Debug|Any CPU.Build.0 = Debug|Any CPU
		{DF06D93E-069E-48CD-9EA4-C36501159AD2}.Release|Any CPU.ActiveCfg = Release|Any CPU
		{DF06D93E-069E-48CD-9EA4-C36501159AD2}.Release|Any CPU.Build.0 = Release|Any CPU
		{464EAEA4-F8A9-4324-B901-DF340CFBF2E5}.Debug|Any CPU.ActiveCfg = Debug|Any CPU
		{464EAEA4-F8A9-4324-B901-DF340CFBF2E5}.Debug|Any CPU.Build.0 = Debug|Any CPU
		{464EAEA4-F8A9-4324-B901-DF340CFBF2E5}.Release|Any CPU.ActiveCfg = Release|Any CPU
		{464EAEA4-F8A9-4324-B901-DF340CFBF2E5}.Release|Any CPU.Build.0 = Release|Any CPU
	EndGlobalSection
	GlobalSection(SolutionProperties) = preSolution
		HideSolutionNode = FALSE
	EndGlobalSection
	GlobalSection(ExtensibilityGlobals) = postSolution
		SolutionGuid = {536365FB-A3D3-4735-9AB3-FF9AF7829A26}
	EndGlobalSection
EndGlobal
